// !$*UTF8*$!
{
	archiveVersion = 1;
	classes = {
	};
	objectVersion = 50;
	objects = {

/* Begin PBXBuildFile section */
		4250C72126FF446F0020E6CC /* AppDelegate.swift in Sources */ = {isa = PBXBuildFile; fileRef = 4250C72026FF446F0020E6CC /* AppDelegate.swift */; };
		4250C72326FF446F0020E6CC /* SceneDelegate.swift in Sources */ = {isa = PBXBuildFile; fileRef = 4250C72226FF446F0020E6CC /* SceneDelegate.swift */; };
		4250C72526FF446F0020E6CC /* ViewController.swift in Sources */ = {isa = PBXBuildFile; fileRef = 4250C72426FF446F0020E6CC /* ViewController.swift */; };
		4250C72826FF446F0020E6CC /* Main.storyboard in Resources */ = {isa = PBXBuildFile; fileRef = 4250C72626FF446F0020E6CC /* Main.storyboard */; };
		4250C72A26FF44710020E6CC /* Assets.xcassets in Resources */ = {isa = PBXBuildFile; fileRef = 4250C72926FF44710020E6CC /* Assets.xcassets */; };
		4250C72D26FF44710020E6CC /* LaunchScreen.storyboard in Resources */ = {isa = PBXBuildFile; fileRef = 4250C72B26FF44710020E6CC /* LaunchScreen.storyboard */; };
		4250C73826FF44710020E6CC /* BookBarcodeTests.swift in Sources */ = {isa = PBXBuildFile; fileRef = 4250C73726FF44710020E6CC /* BookBarcodeTests.swift */; };
		4250C74326FF44710020E6CC /* BookBarcodeUITests.swift in Sources */ = {isa = PBXBuildFile; fileRef = 4250C74226FF44710020E6CC /* BookBarcodeUITests.swift */; };
/* End PBXBuildFile section */

/* Begin PBXContainerItemProxy section */
		4250C73426FF44710020E6CC /* PBXContainerItemProxy */ = {
			isa = PBXContainerItemProxy;
			containerPortal = 4250C71526FF446F0020E6CC /* Project object */;
			proxyType = 1;
			remoteGlobalIDString = 4250C71C26FF446F0020E6CC;
			remoteInfo = BookBarcode;
		};
		4250C73F26FF44710020E6CC /* PBXContainerItemProxy */ = {
			isa = PBXContainerItemProxy;
			containerPortal = 4250C71526FF446F0020E6CC /* Project object */;
			proxyType = 1;
			remoteGlobalIDString = 4250C71C26FF446F0020E6CC;
			remoteInfo = BookBarcode;
		};
/* End PBXContainerItemProxy section */

/* Begin PBXFileReference section */
		4250C71D26FF446F0020E6CC /* BookBarcode.app */ = {isa = PBXFileReference; explicitFileType = wrapper.application; includeInIndex = 0; path = BookBarcode.app; sourceTree = BUILT_PRODUCTS_DIR; };
		4250C72026FF446F0020E6CC /* AppDelegate.swift */ = {isa = PBXFileReference; lastKnownFileType = sourcecode.swift; path = AppDelegate.swift; sourceTree = "<group>"; };
		4250C72226FF446F0020E6CC /* SceneDelegate.swift */ = {isa = PBXFileReference; lastKnownFileType = sourcecode.swift; path = SceneDelegate.swift; sourceTree = "<group>"; };
		4250C72426FF446F0020E6CC /* ViewController.swift */ = {isa = PBXFileReference; lastKnownFileType = sourcecode.swift; path = ViewController.swift; sourceTree = "<group>"; };
		4250C72726FF446F0020E6CC /* Base */ = {isa = PBXFileReference; lastKnownFileType = file.storyboard; name = Base; path = Base.lproj/Main.storyboard; sourceTree = "<group>"; };
		4250C72926FF44710020E6CC /* Assets.xcassets */ = {isa = PBXFileReference; lastKnownFileType = folder.assetcatalog; path = Assets.xcassets; sourceTree = "<group>"; };
		4250C72C26FF44710020E6CC /* Base */ = {isa = PBXFileReference; lastKnownFileType = file.storyboard; name = Base; path = Base.lproj/LaunchScreen.storyboard; sourceTree = "<group>"; };
		4250C72E26FF44710020E6CC /* Info.plist */ = {isa = PBXFileReference; lastKnownFileType = text.plist.xml; path = Info.plist; sourceTree = "<group>"; };
		4250C73326FF44710020E6CC /* BookBarcodeTests.xctest */ = {isa = PBXFileReference; explicitFileType = wrapper.cfbundle; includeInIndex = 0; path = BookBarcodeTests.xctest; sourceTree = BUILT_PRODUCTS_DIR; };
		4250C73726FF44710020E6CC /* BookBarcodeTests.swift */ = {isa = PBXFileReference; lastKnownFileType = sourcecode.swift; path = BookBarcodeTests.swift; sourceTree = "<group>"; };
		4250C73926FF44710020E6CC /* Info.plist */ = {isa = PBXFileReference; lastKnownFileType = text.plist.xml; path = Info.plist; sourceTree = "<group>"; };
		4250C73E26FF44710020E6CC /* BookBarcodeUITests.xctest */ = {isa = PBXFileReference; explicitFileType = wrapper.cfbundle; includeInIndex = 0; path = BookBarcodeUITests.xctest; sourceTree = BUILT_PRODUCTS_DIR; };
		4250C74226FF44710020E6CC /* BookBarcodeUITests.swift */ = {isa = PBXFileReference; lastKnownFileType = sourcecode.swift; path = BookBarcodeUITests.swift; sourceTree = "<group>"; };
		4250C74426FF44710020E6CC /* Info.plist */ = {isa = PBXFileReference; lastKnownFileType = text.plist.xml; path = Info.plist; sourceTree = "<group>"; };
/* End PBXFileReference section */

/* Begin PBXFrameworksBuildPhase section */
		4250C71A26FF446F0020E6CC /* Frameworks */ = {
			isa = PBXFrameworksBuildPhase;
			buildActionMask = 2147483647;
			files = (
			);
			runOnlyForDeploymentPostprocessing = 0;
		};
		4250C73026FF44710020E6CC /* Frameworks */ = {
			isa = PBXFrameworksBuildPhase;
			buildActionMask = 2147483647;
			files = (
			);
			runOnlyForDeploymentPostprocessing = 0;
		};
		4250C73B26FF44710020E6CC /* Frameworks */ = {
			isa = PBXFrameworksBuildPhase;
			buildActionMask = 2147483647;
			files = (
			);
			runOnlyForDeploymentPostprocessing = 0;
		};
/* End PBXFrameworksBuildPhase section */

/* Begin PBXGroup section */
		4250C71426FF446F0020E6CC = {
			isa = PBXGroup;
			children = (
				4250C71F26FF446F0020E6CC /* BookBarcode */,
				4250C73626FF44710020E6CC /* BookBarcodeTests */,
				4250C74126FF44710020E6CC /* BookBarcodeUITests */,
				4250C71E26FF446F0020E6CC /* Products */,
			);
			sourceTree = "<group>";
		};
		4250C71E26FF446F0020E6CC /* Products */ = {
			isa = PBXGroup;
			children = (
				4250C71D26FF446F0020E6CC /* BookBarcode.app */,
				4250C73326FF44710020E6CC /* BookBarcodeTests.xctest */,
				4250C73E26FF44710020E6CC /* BookBarcodeUITests.xctest */,
			);
			name = Products;
			sourceTree = "<group>";
		};
		4250C71F26FF446F0020E6CC /* BookBarcode */ = {
			isa = PBXGroup;
			children = (
				4250C72026FF446F0020E6CC /* AppDelegate.swift */,
				4250C72226FF446F0020E6CC /* SceneDelegate.swift */,
				4250C72426FF446F0020E6CC /* ViewController.swift */,
				4250C72626FF446F0020E6CC /* Main.storyboard */,
				4250C72926FF44710020E6CC /* Assets.xcassets */,
				4250C72B26FF44710020E6CC /* LaunchScreen.storyboard */,
				4250C72E26FF44710020E6CC /* Info.plist */,
			);
			path = BookBarcode;
			sourceTree = "<group>";
		};
		4250C73626FF44710020E6CC /* BookBarcodeTests */ = {
			isa = PBXGroup;
			children = (
				4250C73726FF44710020E6CC /* BookBarcodeTests.swift */,
				4250C73926FF44710020E6CC /* Info.plist */,
			);
			path = BookBarcodeTests;
			sourceTree = "<group>";
		};
		4250C74126FF44710020E6CC /* BookBarcodeUITests */ = {
			isa = PBXGroup;
			children = (
				4250C74226FF44710020E6CC /* BookBarcodeUITests.swift */,
				4250C74426FF44710020E6CC /* Info.plist */,
			);
			path = BookBarcodeUITests;
			sourceTree = "<group>";
		};
/* End PBXGroup section */

/* Begin PBXNativeTarget section */
		4250C71C26FF446F0020E6CC /* BookBarcode */ = {
			isa = PBXNativeTarget;
			buildConfigurationList = 4250C74726FF44710020E6CC /* Build configuration list for PBXNativeTarget "BookBarcode" */;
			buildPhases = (
				4250C71926FF446F0020E6CC /* Sources */,
				4250C71A26FF446F0020E6CC /* Frameworks */,
				4250C71B26FF446F0020E6CC /* Resources */,
			);
			buildRules = (
			);
			dependencies = (
			);
			name = BookBarcode;
			productName = BookBarcode;
			productReference = 4250C71D26FF446F0020E6CC /* BookBarcode.app */;
			productType = "com.apple.product-type.application";
		};
		4250C73226FF44710020E6CC /* BookBarcodeTests */ = {
			isa = PBXNativeTarget;
			buildConfigurationList = 4250C74A26FF44710020E6CC /* Build configuration list for PBXNativeTarget "BookBarcodeTests" */;
			buildPhases = (
				4250C72F26FF44710020E6CC /* Sources */,
				4250C73026FF44710020E6CC /* Frameworks */,
				4250C73126FF44710020E6CC /* Resources */,
			);
			buildRules = (
			);
			dependencies = (
				4250C73526FF44710020E6CC /* PBXTargetDependency */,
			);
			name = BookBarcodeTests;
			productName = BookBarcodeTests;
			productReference = 4250C73326FF44710020E6CC /* BookBarcodeTests.xctest */;
			productType = "com.apple.product-type.bundle.unit-test";
		};
		4250C73D26FF44710020E6CC /* BookBarcodeUITests */ = {
			isa = PBXNativeTarget;
			buildConfigurationList = 4250C74D26FF44710020E6CC /* Build configuration list for PBXNativeTarget "BookBarcodeUITests" */;
			buildPhases = (
				4250C73A26FF44710020E6CC /* Sources */,
				4250C73B26FF44710020E6CC /* Frameworks */,
				4250C73C26FF44710020E6CC /* Resources */,
			);
			buildRules = (
			);
			dependencies = (
				4250C74026FF44710020E6CC /* PBXTargetDependency */,
			);
			name = BookBarcodeUITests;
			productName = BookBarcodeUITests;
			productReference = 4250C73E26FF44710020E6CC /* BookBarcodeUITests.xctest */;
			productType = "com.apple.product-type.bundle.ui-testing";
		};
/* End PBXNativeTarget section */

/* Begin PBXProject section */
		4250C71526FF446F0020E6CC /* Project object */ = {
			isa = PBXProject;
			attributes = {
				LastSwiftUpdateCheck = 1250;
				LastUpgradeCheck = 1250;
				TargetAttributes = {
					4250C71C26FF446F0020E6CC = {
						CreatedOnToolsVersion = 12.5.1;
					};
					4250C73226FF44710020E6CC = {
						CreatedOnToolsVersion = 12.5.1;
						TestTargetID = 4250C71C26FF446F0020E6CC;
					};
					4250C73D26FF44710020E6CC = {
						CreatedOnToolsVersion = 12.5.1;
						TestTargetID = 4250C71C26FF446F0020E6CC;
					};
				};
			};
			buildConfigurationList = 4250C71826FF446F0020E6CC /* Build configuration list for PBXProject "BookBarcode" */;
			compatibilityVersion = "Xcode 9.3";
			developmentRegion = en;
			hasScannedForEncodings = 0;
			knownRegions = (
				en,
				Base,
			);
			mainGroup = 4250C71426FF446F0020E6CC;
			productRefGroup = 4250C71E26FF446F0020E6CC /* Products */;
			projectDirPath = "";
			projectRoot = "";
			targets = (
				4250C71C26FF446F0020E6CC /* BookBarcode */,
				4250C73226FF44710020E6CC /* BookBarcodeTests */,
				4250C73D26FF44710020E6CC /* BookBarcodeUITests */,
			);
		};
/* End PBXProject section */

/* Begin PBXResourcesBuildPhase section */
		4250C71B26FF446F0020E6CC /* Resources */ = {
			isa = PBXResourcesBuildPhase;
			buildActionMask = 2147483647;
			files = (
				4250C72D26FF44710020E6CC /* LaunchScreen.storyboard in Resources */,
				4250C72A26FF44710020E6CC /* Assets.xcassets in Resources */,
				4250C72826FF446F0020E6CC /* Main.storyboard in Resources */,
			);
			runOnlyForDeploymentPostprocessing = 0;
		};
		4250C73126FF44710020E6CC /* Resources */ = {
			isa = PBXResourcesBuildPhase;
			buildActionMask = 2147483647;
			files = (
			);
			runOnlyForDeploymentPostprocessing = 0;
		};
		4250C73C26FF44710020E6CC /* Resources */ = {
			isa = PBXResourcesBuildPhase;
			buildActionMask = 2147483647;
			files = (
			);
			runOnlyForDeploymentPostprocessing = 0;
		};
/* End PBXResourcesBuildPhase section */

/* Begin PBXSourcesBuildPhase section */
		4250C71926FF446F0020E6CC /* Sources */ = {
			isa = PBXSourcesBuildPhase;
			buildActionMask = 2147483647;
			files = (
				4250C72526FF446F0020E6CC /* ViewController.swift in Sources */,
				4250C72126FF446F0020E6CC /* AppDelegate.swift in Sources */,
				4250C72326FF446F0020E6CC /* SceneDelegate.swift in Sources */,
			);
			runOnlyForDeploymentPostprocessing = 0;
		};
		4250C72F26FF44710020E6CC /* Sources */ = {
			isa = PBXSourcesBuildPhase;
			buildActionMask = 2147483647;
			files = (
				4250C73826FF44710020E6CC /* BookBarcodeTests.swift in Sources */,
			);
			runOnlyForDeploymentPostprocessing = 0;
		};
		4250C73A26FF44710020E6CC /* Sources */ = {
			isa = PBXSourcesBuildPhase;
			buildActionMask = 2147483647;
			files = (
				4250C74326FF44710020E6CC /* BookBarcodeUITests.swift in Sources */,
			);
			runOnlyForDeploymentPostprocessing = 0;
		};
/* End PBXSourcesBuildPhase section */

/* Begin PBXTargetDependency section */
		4250C73526FF44710020E6CC /* PBXTargetDependency */ = {
			isa = PBXTargetDependency;
			target = 4250C71C26FF446F0020E6CC /* BookBarcode */;
			targetProxy = 4250C73426FF44710020E6CC /* PBXContainerItemProxy */;
		};
		4250C74026FF44710020E6CC /* PBXTargetDependency */ = {
			isa = PBXTargetDependency;
			target = 4250C71C26FF446F0020E6CC /* BookBarcode */;
			targetProxy = 4250C73F26FF44710020E6CC /* PBXContainerItemProxy */;
		};
/* End PBXTargetDependency section */

/* Begin PBXVariantGroup section */
		4250C72626FF446F0020E6CC /* Main.storyboard */ = {
			isa = PBXVariantGroup;
			children = (
				4250C72726FF446F0020E6CC /* Base */,
			);
			name = Main.storyboard;
			sourceTree = "<group>";
		};
		4250C72B26FF44710020E6CC /* LaunchScreen.storyboard */ = {
			isa = PBXVariantGroup;
			children = (
				4250C72C26FF44710020E6CC /* Base */,
			);
			name = LaunchScreen.storyboard;
			sourceTree = "<group>";
		};
/* End PBXVariantGroup section */

/* Begin XCBuildConfiguration section */
		4250C74526FF44710020E6CC /* Debug */ = {
			isa = XCBuildConfiguration;
			buildSettings = {
				ALWAYS_SEARCH_USER_PATHS = NO;
				CLANG_ANALYZER_NONNULL = YES;
				CLANG_ANALYZER_NUMBER_OBJECT_CONVERSION = YES_AGGRESSIVE;
				CLANG_CXX_LANGUAGE_STANDARD = "gnu++14";
				CLANG_CXX_LIBRARY = "libc++";
				CLANG_ENABLE_MODULES = YES;
				CLANG_ENABLE_OBJC_ARC = YES;
				CLANG_ENABLE_OBJC_WEAK = YES;
				CLANG_WARN_BLOCK_CAPTURE_AUTORELEASING = YES;
				CLANG_WARN_BOOL_CONVERSION = YES;
				CLANG_WARN_COMMA = YES;
				CLANG_WARN_CONSTANT_CONVERSION = YES;
				CLANG_WARN_DEPRECATED_OBJC_IMPLEMENTATIONS = YES;
				CLANG_WARN_DIRECT_OBJC_ISA_USAGE = YES_ERROR;
				CLANG_WARN_DOCUMENTATION_COMMENTS = YES;
				CLANG_WARN_EMPTY_BODY = YES;
				CLANG_WARN_ENUM_CONVERSION = YES;
				CLANG_WARN_INFINITE_RECURSION = YES;
				CLANG_WARN_INT_CONVERSION = YES;
				CLANG_WARN_NON_LITERAL_NULL_CONVERSION = YES;
				CLANG_WARN_OBJC_IMPLICIT_RETAIN_SELF = YES;
				CLANG_WARN_OBJC_LITERAL_CONVERSION = YES;
				CLANG_WARN_OBJC_ROOT_CLASS = YES_ERROR;
				CLANG_WARN_QUOTED_INCLUDE_IN_FRAMEWORK_HEADER = YES;
				CLANG_WARN_RANGE_LOOP_ANALYSIS = YES;
				CLANG_WARN_STRICT_PROTOTYPES = YES;
				CLANG_WARN_SUSPICIOUS_MOVE = YES;
				CLANG_WARN_UNGUARDED_AVAILABILITY = YES_AGGRESSIVE;
				CLANG_WARN_UNREACHABLE_CODE = YES;
				CLANG_WARN__DUPLICATE_METHOD_MATCH = YES;
				COPY_PHASE_STRIP = NO;
				DEBUG_INFORMATION_FORMAT = dwarf;
				ENABLE_STRICT_OBJC_MSGSEND = YES;
				ENABLE_TESTABILITY = YES;
				GCC_C_LANGUAGE_STANDARD = gnu11;
				GCC_DYNAMIC_NO_PIC = NO;
				GCC_NO_COMMON_BLOCKS = YES;
				GCC_OPTIMIZATION_LEVEL = 0;
				GCC_PREPROCESSOR_DEFINITIONS = (
					"DEBUG=1",
					"$(inherited)",
				);
				GCC_WARN_64_TO_32_BIT_CONVERSION = YES;
				GCC_WARN_ABOUT_RETURN_TYPE = YES_ERROR;
				GCC_WARN_UNDECLARED_SELECTOR = YES;
				GCC_WARN_UNINITIALIZED_AUTOS = YES_AGGRESSIVE;
				GCC_WARN_UNUSED_FUNCTION = YES;
				GCC_WARN_UNUSED_VARIABLE = YES;
				IPHONEOS_DEPLOYMENT_TARGET = 14.5;
				MTL_ENABLE_DEBUG_INFO = INCLUDE_SOURCE;
				MTL_FAST_MATH = YES;
				ONLY_ACTIVE_ARCH = YES;
				SDKROOT = iphoneos;
				SWIFT_ACTIVE_COMPILATION_CONDITIONS = DEBUG;
				SWIFT_OPTIMIZATION_LEVEL = "-Onone";
			};
			name = Debug;
		};
		4250C74626FF44710020E6CC /* Release */ = {
			isa = XCBuildConfiguration;
			buildSettings = {
				ALWAYS_SEARCH_USER_PATHS = NO;
				CLANG_ANALYZER_NONNULL = YES;
				CLANG_ANALYZER_NUMBER_OBJECT_CONVERSION = YES_AGGRESSIVE;
				CLANG_CXX_LANGUAGE_STANDARD = "gnu++14";
				CLANG_CXX_LIBRARY = "libc++";
				CLANG_ENABLE_MODULES = YES;
				CLANG_ENABLE_OBJC_ARC = YES;
				CLANG_ENABLE_OBJC_WEAK = YES;
				CLANG_WARN_BLOCK_CAPTURE_AUTORELEASING = YES;
				CLANG_WARN_BOOL_CONVERSION = YES;
				CLANG_WARN_COMMA = YES;
				CLANG_WARN_CONSTANT_CONVERSION = YES;
				CLANG_WARN_DEPRECATED_OBJC_IMPLEMENTATIONS = YES;
				CLANG_WARN_DIRECT_OBJC_ISA_USAGE = YES_ERROR;
				CLANG_WARN_DOCUMENTATION_COMMENTS = YES;
				CLANG_WARN_EMPTY_BODY = YES;
				CLANG_WARN_ENUM_CONVERSION = YES;
				CLANG_WARN_INFINITE_RECURSION = YES;
				CLANG_WARN_INT_CONVERSION = YES;
				CLANG_WARN_NON_LITERAL_NULL_CONVERSION = YES;
				CLANG_WARN_OBJC_IMPLICIT_RETAIN_SELF = YES;
				CLANG_WARN_OBJC_LITERAL_CONVERSION = YES;
				CLANG_WARN_OBJC_ROOT_CLASS = YES_ERROR;
				CLANG_WARN_QUOTED_INCLUDE_IN_FRAMEWORK_HEADER = YES;
				CLANG_WARN_RANGE_LOOP_ANALYSIS = YES;
				CLANG_WARN_STRICT_PROTOTYPES = YES;
				CLANG_WARN_SUSPICIOUS_MOVE = YES;
				CLANG_WARN_UNGUARDED_AVAILABILITY = YES_AGGRESSIVE;
				CLANG_WARN_UNREACHABLE_CODE = YES;
				CLANG_WARN__DUPLICATE_METHOD_MATCH = YES;
				COPY_PHASE_STRIP = NO;
				DEBUG_INFORMATION_FORMAT = "dwarf-with-dsym";
				ENABLE_NS_ASSERTIONS = NO;
				ENABLE_STRICT_OBJC_MSGSEND = YES;
				GCC_C_LANGUAGE_STANDARD = gnu11;
				GCC_NO_COMMON_BLOCKS = YES;
				GCC_WARN_64_TO_32_BIT_CONVERSION = YES;
				GCC_WARN_ABOUT_RETURN_TYPE = YES_ERROR;
				GCC_WARN_UNDECLARED_SELECTOR = YES;
				GCC_WARN_UNINITIALIZED_AUTOS = YES_AGGRESSIVE;
				GCC_WARN_UNUSED_FUNCTION = YES;
				GCC_WARN_UNUSED_VARIABLE = YES;
				IPHONEOS_DEPLOYMENT_TARGET = 14.5;
				MTL_ENABLE_DEBUG_INFO = NO;
				MTL_FAST_MATH = YES;
				SDKROOT = iphoneos;
				SWIFT_COMPILATION_MODE = wholemodule;
				SWIFT_OPTIMIZATION_LEVEL = "-O";
				VALIDATE_PRODUCT = YES;
			};
			name = Release;
		};
		4250C74826FF44710020E6CC /* Debug */ = {
			isa = XCBuildConfiguration;
			buildSettings = {
				ASSETCATALOG_COMPILER_APPICON_NAME = AppIcon;
				ASSETCATALOG_COMPILER_GLOBAL_ACCENT_COLOR_NAME = AccentColor;
				CODE_SIGN_STYLE = Automatic;
				DEVELOPMENT_TEAM = T92U5TKB4F;
				INFOPLIST_FILE = BookBarcode/Info.plist;
				LD_RUNPATH_SEARCH_PATHS = (
					"$(inherited)",
					"@executable_path/Frameworks",
				);
				PRODUCT_BUNDLE_IDENTIFIER = eijis00.BookBarcode;
				PRODUCT_NAME = "$(TARGET_NAME)";
				SWIFT_VERSION = 5.0;
				TARGETED_DEVICE_FAMILY = "1,2";
			};
			name = Debug;
		};
		4250C74926FF44710020E6CC /* Release */ = {
			isa = XCBuildConfiguration;
			buildSettings = {
				ASSETCATALOG_COMPILER_APPICON_NAME = AppIcon;
				ASSETCATALOG_COMPILER_GLOBAL_ACCENT_COLOR_NAME = AccentColor;
				CODE_SIGN_STYLE = Automatic;
				DEVELOPMENT_TEAM = T92U5TKB4F;
				INFOPLIST_FILE = BookBarcode/Info.plist;
				LD_RUNPATH_SEARCH_PATHS = (
					"$(inherited)",
					"@executable_path/Frameworks",
				);
				PRODUCT_BUNDLE_IDENTIFIER = eijis00.BookBarcode;
				PRODUCT_NAME = "$(TARGET_NAME)";
				SWIFT_VERSION = 5.0;
				TARGETED_DEVICE_FAMILY = "1,2";
			};
			name = Release;
		};
		4250C74B26FF44710020E6CC /* Debug */ = {
			isa = XCBuildConfiguration;
			buildSettings = {
				ALWAYS_EMBED_SWIFT_STANDARD_LIBRARIES = YES;
				BUNDLE_LOADER = "$(TEST_HOST)";
				CODE_SIGN_STYLE = Automatic;
				DEVELOPMENT_TEAM = T92U5TKB4F;
				INFOPLIST_FILE = BookBarcodeTests/Info.plist;
				IPHONEOS_DEPLOYMENT_TARGET = 14.5;
				LD_RUNPATH_SEARCH_PATHS = (
					"$(inherited)",
					"@executable_path/Frameworks",
					"@loader_path/Frameworks",
				);
				PRODUCT_BUNDLE_IDENTIFIER = eijis00.BookBarcodeTests;
				PRODUCT_NAME = "$(TARGET_NAME)";
				SWIFT_VERSION = 5.0;
				TARGETED_DEVICE_FAMILY = "1,2";
				TEST_HOST = "$(BUILT_PRODUCTS_DIR)/BookBarcode.app/BookBarcode";
			};
			name = Debug;
		};
		4250C74C26FF44710020E6CC /* Release */ = {
			isa = XCBuildConfiguration;
			buildSettings = {
				ALWAYS_EMBED_SWIFT_STANDARD_LIBRARIES = YES;
				BUNDLE_LOADER = "$(TEST_HOST)";
				CODE_SIGN_STYLE = Automatic;
				DEVELOPMENT_TEAM = T92U5TKB4F;
				INFOPLIST_FILE = BookBarcodeTests/Info.plist;
				IPHONEOS_DEPLOYMENT_TARGET = 14.5;
				LD_RUNPATH_SEARCH_PATHS = (
					"$(inherited)",
					"@executable_path/Frameworks",
					"@loader_path/Frameworks",
				);
				PRODUCT_BUNDLE_IDENTIFIER = eijis00.BookBarcodeTests;
				PRODUCT_NAME = "$(TARGET_NAME)";
				SWIFT_VERSION = 5.0;
				TARGETED_DEVICE_FAMILY = "1,2";
				TEST_HOST = "$(BUILT_PRODUCTS_DIR)/BookBarcode.app/BookBarcode";
			};
			name = Release;
		};
		4250C74E26FF44710020E6CC /* Debug */ = {
			isa = XCBuildConfiguration;
			buildSettings = {
				ALWAYS_EMBED_SWIFT_STANDARD_LIBRARIES = YES;
				CODE_SIGN_STYLE = Automatic;
				DEVELOPMENT_TEAM = T92U5TKB4F;
				INFOPLIST_FILE = BookBarcodeUITests/Info.plist;
				LD_RUNPATH_SEARCH_PATHS = (
					"$(inherited)",
					"@executable_path/Frameworks",
					"@loader_path/Frameworks",
				);
				PRODUCT_BUNDLE_IDENTIFIER = eijis00.BookBarcodeUITests;
				PRODUCT_NAME = "$(TARGET_NAME)";
				SWIFT_VERSION = 5.0;
				TARGETED_DEVICE_FAMILY = "1,2";
				TEST_TARGET_NAME = BookBarcode;
			};
			name = Debug;
		};
		4250C74F26FF44710020E6CC /* Release */ = {
			isa = XCBuildConfiguration;
			buildSettings = {
				ALWAYS_EMBED_SWIFT_STANDARD_LIBRARIES = YES;
				CODE_SIGN_STYLE = Automatic;
				DEVELOPMENT_TEAM = T92U5TKB4F;
				INFOPLIST_FILE = BookBarcodeUITests/Info.plist;
				LD_RUNPATH_SEARCH_PATHS = (
					"$(inherited)",
					"@executable_path/Frameworks",
					"@loader_path/Frameworks",
				);
				PRODUCT_BUNDLE_IDENTIFIER = eijis00.BookBarcodeUITests;
				PRODUCT_NAME = "$(TARGET_NAME)";
				SWIFT_VERSION = 5.0;
				TARGETED_DEVICE_FAMILY = "1,2";
				TEST_TARGET_NAME = BookBarcode;
			};
			name = Release;
		};
/* End XCBuildConfiguration section */

/* Begin XCConfigurationList section */
		4250C71826FF446F0020E6CC /* Build configuration list for PBXProject "BookBarcode" */ = {
			isa = XCConfigurationList;
			buildConfigurations = (
				4250C74526FF44710020E6CC /* Debug */,
				4250C74626FF44710020E6CC /* Release */,
			);
			defaultConfigurationIsVisible = 0;
			defaultConfigurationName = Release;
		};
		4250C74726FF44710020E6CC /* Build configuration list for PBXNativeTarget "BookBarcode" */ = {
			isa = XCConfigurationList;
			buildConfigurations = (
				4250C74826FF44710020E6CC /* Debug */,
				4250C74926FF44710020E6CC /* Release */,
			);
			defaultConfigurationIsVisible = 0;
			defaultConfigurationName = Release;
		};
		4250C74A26FF44710020E6CC /* Build configuration list for PBXNativeTarget "BookBarcodeTests" */ = {
			isa = XCConfigurationList;
			buildConfigurations = (
				4250C74B26FF44710020E6CC /* Debug */,
				4250C74C26FF44710020E6CC /* Release */,
			);
			defaultConfigurationIsVisible = 0;
			defaultConfigurationName = Release;
		};
		4250C74D26FF44710020E6CC /* Build configuration list for PBXNativeTarget "BookBarcodeUITests" */ = {
			isa = XCConfigurationList;
			buildConfigurations = (
				4250C74E26FF44710020E6CC /* Debug */,
				4250C74F26FF44710020E6CC /* Release */,
			);
			defaultConfigurationIsVisible = 0;
			defaultConfigurationName = Release;
		};
/* End XCConfigurationList section */
	};
	rootObject = 4250C71526FF446F0020E6CC /* Project object */;
}
